// !$*UTF8*$!
{
	archiveVersion = 1;
	classes = {
	};
	objectVersion = 46;
	objects = {

/* Begin PBXBuildFile section */
		225361F31ADE5343002F91F6 /* MovieCell.swift in Sources */ = {isa = PBXBuildFile; fileRef = 225361F21ADE5343002F91F6 /* MovieCell.swift */; };
		22811DC51ADE4B89003B567A /* AppDelegate.swift in Sources */ = {isa = PBXBuildFile; fileRef = 22811DC41ADE4B89003B567A /* AppDelegate.swift */; };
		22811DCA1ADE4B89003B567A /* Main.storyboard in Resources */ = {isa = PBXBuildFile; fileRef = 22811DC81ADE4B89003B567A /* Main.storyboard */; };
		22811DCC1ADE4B89003B567A /* Images.xcassets in Resources */ = {isa = PBXBuildFile; fileRef = 22811DCB1ADE4B89003B567A /* Images.xcassets */; };
		22811DCF1ADE4B89003B567A /* LaunchScreen.xib in Resources */ = {isa = PBXBuildFile; fileRef = 22811DCD1ADE4B89003B567A /* LaunchScreen.xib */; };
		22811DDB1ADE4B89003B567A /* Rotten_TomatoesTests.swift in Sources */ = {isa = PBXBuildFile; fileRef = 22811DDA1ADE4B89003B567A /* Rotten_TomatoesTests.swift */; };
		22811DE51ADE4BB4003B567A /* MoviesViewController.swift in Sources */ = {isa = PBXBuildFile; fileRef = 22811DE41ADE4BB4003B567A /* MoviesViewController.swift */; };
/* End PBXBuildFile section */

/* Begin PBXContainerItemProxy section */
		22811DD51ADE4B89003B567A /* PBXContainerItemProxy */ = {
			isa = PBXContainerItemProxy;
			containerPortal = 22811DB71ADE4B89003B567A /* Project object */;
			proxyType = 1;
			remoteGlobalIDString = 22811DBE1ADE4B89003B567A;
			remoteInfo = "Rotten Tomatoes";
		};
/* End PBXContainerItemProxy section */

/* Begin PBXFileReference section */
		225361F21ADE5343002F91F6 /* MovieCell.swift */ = {isa = PBXFileReference; fileEncoding = 4; lastKnownFileType = sourcecode.swift; path = MovieCell.swift; sourceTree = "<group>"; };
		22811DBF1ADE4B89003B567A /* Rotten Tomatoes.app */ = {isa = PBXFileReference; explicitFileType = wrapper.application; includeInIndex = 0; path = "Rotten Tomatoes.app"; sourceTree = BUILT_PRODUCTS_DIR; };
		22811DC31ADE4B89003B567A /* Info.plist */ = {isa = PBXFileReference; lastKnownFileType = text.plist.xml; path = Info.plist; sourceTree = "<group>"; };
		22811DC41ADE4B89003B567A /* AppDelegate.swift */ = {isa = PBXFileReference; lastKnownFileType = sourcecode.swift; path = AppDelegate.swift; sourceTree = "<group>"; };
		22811DC91ADE4B89003B567A /* Base */ = {isa = PBXFileReference; lastKnownFileType = file.storyboard; name = Base; path = Base.lproj/Main.storyboard; sourceTree = "<group>"; };
		22811DCB1ADE4B89003B567A /* Images.xcassets */ = {isa = PBXFileReference; lastKnownFileType = folder.assetcatalog; path = Images.xcassets; sourceTree = "<group>"; };
		22811DCE1ADE4B89003B567A /* Base */ = {isa = PBXFileReference; lastKnownFileType = file.xib; name = Base; path = Base.lproj/LaunchScreen.xib; sourceTree = "<group>"; };
		22811DD41ADE4B89003B567A /* Rotten TomatoesTests.xctest */ = {isa = PBXFileReference; explicitFileType = wrapper.cfbundle; includeInIndex = 0; path = "Rotten TomatoesTests.xctest"; sourceTree = BUILT_PRODUCTS_DIR; };
		22811DD91ADE4B89003B567A /* Info.plist */ = {isa = PBXFileReference; lastKnownFileType = text.plist.xml; path = Info.plist; sourceTree = "<group>"; };
		22811DDA1ADE4B89003B567A /* Rotten_TomatoesTests.swift */ = {isa = PBXFileReference; lastKnownFileType = sourcecode.swift; path = Rotten_TomatoesTests.swift; sourceTree = "<group>"; };
		22811DE41ADE4BB4003B567A /* MoviesViewController.swift */ = {isa = PBXFileReference; fileEncoding = 4; lastKnownFileType = sourcecode.swift; path = MoviesViewController.swift; sourceTree = "<group>"; };
/* End PBXFileReference section */

/* Begin PBXFrameworksBuildPhase section */
		22811DBC1ADE4B89003B567A /* Frameworks */ = {
			isa = PBXFrameworksBuildPhase;
			buildActionMask = 2147483647;
			files = (
			);
			runOnlyForDeploymentPostprocessing = 0;
		};
		22811DD11ADE4B89003B567A /* Frameworks */ = {
			isa = PBXFrameworksBuildPhase;
			buildActionMask = 2147483647;
			files = (
			);
			runOnlyForDeploymentPostprocessing = 0;
		};
/* End PBXFrameworksBuildPhase section */

/* Begin PBXGroup section */
		225361F11ADE5330002F91F6 /* Views */ = {
			isa = PBXGroup;
			children = (
				225361F21ADE5343002F91F6 /* MovieCell.swift */,
			);
			name = Views;
			sourceTree = "<group>";
		};
		22811DB61ADE4B89003B567A = {
			isa = PBXGroup;
			children = (
				22811DC11ADE4B89003B567A /* Rotten Tomatoes */,
				22811DD71ADE4B89003B567A /* Rotten TomatoesTests */,
				22811DC01ADE4B89003B567A /* Products */,
			);
			sourceTree = "<group>";
		};
		22811DC01ADE4B89003B567A /* Products */ = {
			isa = PBXGroup;
			children = (
				22811DBF1ADE4B89003B567A /* Rotten Tomatoes.app */,
				22811DD41ADE4B89003B567A /* Rotten TomatoesTests.xctest */,
			);
			name = Products;
			sourceTree = "<group>";
		};
		22811DC11ADE4B89003B567A /* Rotten Tomatoes */ = {
			isa = PBXGroup;
			children = (
				225361F11ADE5330002F91F6 /* Views */,
				22811DE61ADE4BBB003B567A /* View Controllers */,
				22811DC41ADE4B89003B567A /* AppDelegate.swift */,
				22811DC81ADE4B89003B567A /* Main.storyboard */,
				22811DCB1ADE4B89003B567A /* Images.xcassets */,
				22811DCD1ADE4B89003B567A /* LaunchScreen.xib */,
				22811DC21ADE4B89003B567A /* Supporting Files */,
			);
			path = "Rotten Tomatoes";
			sourceTree = "<group>";
		};
		22811DC21ADE4B89003B567A /* Supporting Files */ = {
			isa = PBXGroup;
			children = (
				22811DC31ADE4B89003B567A /* Info.plist */,
			);
			name = "Supporting Files";
			sourceTree = "<group>";
		};
		22811DD71ADE4B89003B567A /* Rotten TomatoesTests */ = {
			isa = PBXGroup;
			children = (
				22811DDA1ADE4B89003B567A /* Rotten_TomatoesTests.swift */,
				22811DD81ADE4B89003B567A /* Supporting Files */,
			);
			path = "Rotten TomatoesTests";
			sourceTree = "<group>";
		};
		22811DD81ADE4B89003B567A /* Supporting Files */ = {
			isa = PBXGroup;
			children = (
				22811DD91ADE4B89003B567A /* Info.plist */,
			);
			name = "Supporting Files";
			sourceTree = "<group>";
		};
		22811DE61ADE4BBB003B567A /* View Controllers */ = {
			isa = PBXGroup;
			children = (
				22811DE41ADE4BB4003B567A /* MoviesViewController.swift */,
			);
			name = "View Controllers";
			sourceTree = "<group>";
		};
/* End PBXGroup section */

/* Begin PBXNativeTarget section */
		22811DBE1ADE4B89003B567A /* Rotten Tomatoes */ = {
			isa = PBXNativeTarget;
			buildConfigurationList = 22811DDE1ADE4B89003B567A /* Build configuration list for PBXNativeTarget "Rotten Tomatoes" */;
			buildPhases = (
				22811DBB1ADE4B89003B567A /* Sources */,
				22811DBC1ADE4B89003B567A /* Frameworks */,
				22811DBD1ADE4B89003B567A /* Resources */,
			);
			buildRules = (
			);
			dependencies = (
			);
			name = "Rotten Tomatoes";
			productName = "Rotten Tomatoes";
			productReference = 22811DBF1ADE4B89003B567A /* Rotten Tomatoes.app */;
			productType = "com.apple.product-type.application";
		};
		22811DD31ADE4B89003B567A /* Rotten TomatoesTests */ = {
			isa = PBXNativeTarget;
			buildConfigurationList = 22811DE11ADE4B89003B567A /* Build configuration list for PBXNativeTarget "Rotten TomatoesTests" */;
			buildPhases = (
				22811DD01ADE4B89003B567A /* Sources */,
				22811DD11ADE4B89003B567A /* Frameworks */,
				22811DD21ADE4B89003B567A /* Resources */,
			);
			buildRules = (
			);
			dependencies = (
				22811DD61ADE4B89003B567A /* PBXTargetDependency */,
			);
			name = "Rotten TomatoesTests";
			productName = "Rotten TomatoesTests";
			productReference = 22811DD41ADE4B89003B567A /* Rotten TomatoesTests.xctest */;
			productType = "com.apple.product-type.bundle.unit-test";
		};
/* End PBXNativeTarget section */

/* Begin PBXProject section */
		22811DB71ADE4B89003B567A /* Project object */ = {
			isa = PBXProject;
			attributes = {
				LastUpgradeCheck = 0630;
				ORGANIZATIONNAME = "Timothy Lee";
				TargetAttributes = {
					22811DBE1ADE4B89003B567A = {
						CreatedOnToolsVersion = 6.3;
					};
					22811DD31ADE4B89003B567A = {
						CreatedOnToolsVersion = 6.3;
						TestTargetID = 22811DBE1ADE4B89003B567A;
					};
				};
			};
			buildConfigurationList = 22811DBA1ADE4B89003B567A /* Build configuration list for PBXProject "Rotten Tomatoes" */;
			compatibilityVersion = "Xcode 3.2";
			developmentRegion = English;
			hasScannedForEncodings = 0;
			knownRegions = (
				en,
				Base,
			);
			mainGroup = 22811DB61ADE4B89003B567A;
			productRefGroup = 22811DC01ADE4B89003B567A /* Products */;
			projectDirPath = "";
			projectRoot = "";
			targets = (
				22811DBE1ADE4B89003B567A /* Rotten Tomatoes */,
				22811DD31ADE4B89003B567A /* Rotten TomatoesTests */,
			);
		};
/* End PBXProject section */

/* Begin PBXResourcesBuildPhase section */
		22811DBD1ADE4B89003B567A /* Resources */ = {
			isa = PBXResourcesBuildPhase;
			buildActionMask = 2147483647;
			files = (
				22811DCA1ADE4B89003B567A /* Main.storyboard in Resources */,
				22811DCF1ADE4B89003B567A /* LaunchScreen.xib in Resources */,
				22811DCC1ADE4B89003B567A /* Images.xcassets in Resources */,
			);
			runOnlyForDeploymentPostprocessing = 0;
		};
		22811DD21ADE4B89003B567A /* Resources */ = {
			isa = PBXResourcesBuildPhase;
			buildActionMask = 2147483647;
			files = (
			);
			runOnlyForDeploymentPostprocessing = 0;
		};
/* End PBXResourcesBuildPhase section */

/* Begin PBXSourcesBuildPhase section */
		22811DBB1ADE4B89003B567A /* Sources */ = {
			isa = PBXSourcesBuildPhase;
			buildActionMask = 2147483647;
			files = (
				22811DC51ADE4B89003B567A /* AppDelegate.swift in Sources */,
				22811DE51ADE4BB4003B567A /* MoviesViewController.swift in Sources */,
				225361F31ADE5343002F91F6 /* MovieCell.swift in Sources */,
			);
			runOnlyForDeploymentPostprocessing = 0;
		};
		22811DD01ADE4B89003B567A /* Sources */ = {
			isa = PBXSourcesBuildPhase;
			buildActionMask = 2147483647;
			files = (
				22811DDB1ADE4B89003B567A /* Rotten_TomatoesTests.swift in Sources */,
			);
			runOnlyForDeploymentPostprocessing = 0;
		};
/* End PBXSourcesBuildPhase section */

/* Begin PBXTargetDependency section */
		22811DD61ADE4B89003B567A /* PBXTargetDependency */ = {
			isa = PBXTargetDependency;
			target = 22811DBE1ADE4B89003B567A /* Rotten Tomatoes */;
			targetProxy = 22811DD51ADE4B89003B567A /* PBXContainerItemProxy */;
		};
/* End PBXTargetDependency section */

/* Begin PBXVariantGroup section */
		22811DC81ADE4B89003B567A /* Main.storyboard */ = {
			isa = PBXVariantGroup;
			children = (
				22811DC91ADE4B89003B567A /* Base */,
			);
			name = Main.storyboard;
			sourceTree = "<group>";
		};
		22811DCD1ADE4B89003B567A /* LaunchScreen.xib */ = {
			isa = PBXVariantGroup;
			children = (
				22811DCE1ADE4B89003B567A /* Base */,
			);
			name = LaunchScreen.xib;
			sourceTree = "<group>";
		};
/* End PBXVariantGroup section */

/* Begin XCBuildConfiguration section */
		22811DDC1ADE4B89003B567A /* Debug */ = {
			isa = XCBuildConfiguration;
			buildSettings = {
				ALWAYS_SEARCH_USER_PATHS = NO;
				CLANG_CXX_LANGUAGE_STANDARD = "gnu++0x";
				CLANG_CXX_LIBRARY = "libc++";
				CLANG_ENABLE_MODULES = YES;
				CLANG_ENABLE_OBJC_ARC = YES;
				CLANG_WARN_BOOL_CONVERSION = YES;
				CLANG_WARN_CONSTANT_CONVERSION = YES;
				CLANG_WARN_DIRECT_OBJC_ISA_USAGE = YES_ERROR;
				CLANG_WARN_EMPTY_BODY = YES;
				CLANG_WARN_ENUM_CONVERSION = YES;
				CLANG_WARN_INT_CONVERSION = YES;
				CLANG_WARN_OBJC_ROOT_CLASS = YES_ERROR;
				CLANG_WARN_UNREACHABLE_CODE = YES;
				CLANG_WARN__DUPLICATE_METHOD_MATCH = YES;
				"CODE_SIGN_IDENTITY[sdk=iphoneos*]" = "iPhone Developer";
				COPY_PHASE_STRIP = NO;
				DEBUG_INFORMATION_FORMAT = "dwarf-with-dsym";
				ENABLE_STRICT_OBJC_MSGSEND = YES;
				GCC_C_LANGUAGE_STANDARD = gnu99;
				GCC_DYNAMIC_NO_PIC = NO;
				GCC_NO_COMMON_BLOCKS = YES;
				GCC_OPTIMIZATION_LEVEL = 0;
				GCC_PREPROCESSOR_DEFINITIONS = (
					"DEBUG=1",
					"$(inherited)",
				);
				GCC_SYMBOLS_PRIVATE_EXTERN = NO;
				GCC_WARN_64_TO_32_BIT_CONVERSION = YES;
				GCC_WARN_ABOUT_RETURN_TYPE = YES_ERROR;
				GCC_WARN_UNDECLARED_SELECTOR = YES;
				GCC_WARN_UNINITIALIZED_AUTOS = YES_AGGRESSIVE;
				GCC_WARN_UNUSED_FUNCTION = YES;
				GCC_WARN_UNUSED_VARIABLE = YES;
				IPHONEOS_DEPLOYMENT_TARGET = 8.3;
				MTL_ENABLE_DEBUG_INFO = YES;
				ONLY_ACTIVE_ARCH = YES;
				SDKROOT = iphoneos;
				SWIFT_OPTIMIZATION_LEVEL = "-Onone";
			};
			name = Debug;
		};
		22811DDD1ADE4B89003B567A /* Release */ = {
			isa = XCBuildConfiguration;
			buildSettings = {
				ALWAYS_SEARCH_USER_PATHS = NO;
				CLANG_CXX_LANGUAGE_STANDARD = "gnu++0x";
				CLANG_CXX_LIBRARY = "libc++";
				CLANG_ENABLE_MODULES = YES;
				CLANG_ENABLE_OBJC_ARC = YES;
				CLANG_WARN_BOOL_CONVERSION = YES;
				CLANG_WARN_CONSTANT_CONVERSION = YES;
				CLANG_WARN_DIRECT_OBJC_ISA_USAGE = YES_ERROR;
				CLANG_WARN_EMPTY_BODY = YES;
				CLANG_WARN_ENUM_CONVERSION = YES;
				CLANG_WARN_INT_CONVERSION = YES;
				CLANG_WARN_OBJC_ROOT_CLASS = YES_ERROR;
				CLANG_WARN_UNREACHABLE_CODE = YES;
				CLANG_WARN__DUPLICATE_METHOD_MATCH = YES;
				"CODE_SIGN_IDENTITY[sdk=iphoneos*]" = "iPhone Developer";
				COPY_PHASE_STRIP = NO;
				DEBUG_INFORMATION_FORMAT = "dwarf-with-dsym";
				ENABLE_NS_ASSERTIONS = NO;
				ENABLE_STRICT_OBJC_MSGSEND = YES;
				GCC_C_LANGUAGE_STANDARD = gnu99;
				GCC_NO_COMMON_BLOCKS = YES;
				GCC_WARN_64_TO_32_BIT_CONVERSION = YES;
				GCC_WARN_ABOUT_RETURN_TYPE = YES_ERROR;
				GCC_WARN_UNDECLARED_SELECTOR = YES;
				GCC_WARN_UNINITIALIZED_AUTOS = YES_AGGRESSIVE;
				GCC_WARN_UNUSED_FUNCTION = YES;
				GCC_WARN_UNUSED_VARIABLE = YES;
				IPHONEOS_DEPLOYMENT_TARGET = 8.3;
				MTL_ENABLE_DEBUG_INFO = NO;
				SDKROOT = iphoneos;
				VALIDATE_PRODUCT = YES;
			};
			name = Release;
		};
		22811DDF1ADE4B89003B567A /* Debug */ = {
			isa = XCBuildConfiguration;
			buildSettings = {
				ASSETCATALOG_COMPILER_APPICON_NAME = AppIcon;
				INFOPLIST_FILE = "Rotten Tomatoes/Info.plist";
				LD_RUNPATH_SEARCH_PATHS = "$(inherited) @executable_path/Frameworks";
				PRODUCT_NAME = "$(TARGET_NAME)";
			};
			name = Debug;
		};
		22811DE01ADE4B89003B567A /* Release */ = {
			isa = XCBuildConfiguration;
			buildSettings = {
				ASSETCATALOG_COMPILER_APPICON_NAME = AppIcon;
				INFOPLIST_FILE = "Rotten Tomatoes/Info.plist";
				LD_RUNPATH_SEARCH_PATHS = "$(inherited) @executable_path/Frameworks";
				PRODUCT_NAME = "$(TARGET_NAME)";
			};
			name = Release;
		};
		22811DE21ADE4B89003B567A /* Debug */ = {
			isa = XCBuildConfiguration;
			buildSettings = {
				BUNDLE_LOADER = "$(TEST_HOST)";
				FRAMEWORK_SEARCH_PATHS = (
					"$(SDKROOT)/Developer/Library/Frameworks",
					"$(inherited)",
				);
				GCC_PREPROCESSOR_DEFINITIONS = (
					"DEBUG=1",
					"$(inherited)",
				);
				INFOPLIST_FILE = "Rotten TomatoesTests/Info.plist";
				LD_RUNPATH_SEARCH_PATHS = "$(inherited) @executable_path/Frameworks @loader_path/Frameworks";
				PRODUCT_NAME = "$(TARGET_NAME)";
				TEST_HOST = "$(BUILT_PRODUCTS_DIR)/Rotten Tomatoes.app/Rotten Tomatoes";
			};
			name = Debug;
		};
		22811DE31ADE4B89003B567A /* Release */ = {
			isa = XCBuildConfiguration;
			buildSettings = {
				BUNDLE_LOADER = "$(TEST_HOST)";
				FRAMEWORK_SEARCH_PATHS = (
					"$(SDKROOT)/Developer/Library/Frameworks",
					"$(inherited)",
				);
				INFOPLIST_FILE = "Rotten TomatoesTests/Info.plist";
				LD_RUNPATH_SEARCH_PATHS = "$(inherited) @executable_path/Frameworks @loader_path/Frameworks";
				PRODUCT_NAME = "$(TARGET_NAME)";
				TEST_HOST = "$(BUILT_PRODUCTS_DIR)/Rotten Tomatoes.app/Rotten Tomatoes";
			};
			name = Release;
		};
/* End XCBuildConfiguration section */

/* Begin XCConfigurationList section */
		22811DBA1ADE4B89003B567A /* Build configuration list for PBXProject "Rotten Tomatoes" */ = {
			isa = XCConfigurationList;
			buildConfigurations = (
				22811DDC1ADE4B89003B567A /* Debug */,
				22811DDD1ADE4B89003B567A /* Release */,
			);
			defaultConfigurationIsVisible = 0;
			defaultConfigurationName = Release;
		};
		22811DDE1ADE4B89003B567A /* Build configuration list for PBXNativeTarget "Rotten Tomatoes" */ = {
			isa = XCConfigurationList;
			buildConfigurations = (
				22811DDF1ADE4B89003B567A /* Debug */,
				22811DE01ADE4B89003B567A /* Release */,
			);
			defaultConfigurationIsVisible = 0;
			defaultConfigurationName = Release;
		};
		22811DE11ADE4B89003B567A /* Build configuration list for PBXNativeTarget "Rotten TomatoesTests" */ = {
			isa = XCConfigurationList;
			buildConfigurations = (
				22811DE21ADE4B89003B567A /* Debug */,
				22811DE31ADE4B89003B567A /* Release */,
			);
			defaultConfigurationIsVisible = 0;
			defaultConfigurationName = Release;
		};
/* End XCConfigurationList section */
	};
	rootObject = 22811DB71ADE4B89003B567A /* Project object */;
}
